
Microsoft Visual Studio Solution File, Format Version 12.00
# Visual Studio Version 17
VisualStudioVersion = 17.7.34003.232
MinimumVisualStudioVersion = 10.0.40219.1
Project("{FAE04EC0-301F-11D3-BF4B-00C04F79EFBC}") = "RazorPagesMovie", "RazorPagesMovie\RazorPagesMovie.csproj", "{BEE51652-1D1D-49E4-911E-34DF7404268D}"
EndProject
Global
	GlobalSection(SolutionConfigurationPlatforms) = preSolution
		Debug|Any CPU = Debug|Any CPU
		Release|Any CPU = Release|Any CPU
	EndGlobalSection
	GlobalSection(ProjectConfigurationPlatforms) = postSolution
		{BEE51652-1D1D-49E4-911E-34DF7404268D}.Debug|Any CPU.ActiveCfg = Debug|Any CPU
		{BEE51652-1D1D-49E4-911E-34DF7404268D}.Debug|Any CPU.Build.0 = Debug|Any CPU
		{BEE51652-1D1D-49E4-911E-34DF7404268D}.Release|Any CPU.ActiveCfg = Release|Any CPU
		{BEE51652-1D1D-49E4-911E-34DF7404268D}.Release|Any CPU.Build.0 = Release|Any CPU
	EndGlobalSection
	GlobalSection(SolutionProperties) = preSolution
		HideSolutionNode = FALSE
	EndGlobalSection
	GlobalSection(ExtensibilityGlobals) = postSolution
		SolutionGuid = {404E6D01-A02C-4F8C-B537-E006A67729B4}
	EndGlobalSection
EndGlobal
